
Microsoft Visual Studio Solution File, Format Version 12.00
# Visual Studio Version 16
VisualStudioVersion = 16.0.31613.86
MinimumVisualStudioVersion = 10.0.40219.1
Project("{FAE04EC0-301F-11D3-BF4B-00C04F79EFBC}") = "AppQuanLyBanHang", "AppQuanLyBanHang\AppQuanLyBanHang.csproj", "{1BA4C794-4AE0-47BE-BA5F-21168F07BFFB}"
EndProject
Global
	GlobalSection(SolutionConfigurationPlatforms) = preSolution
		Debug|Any CPU = Debug|Any CPU
		Release|Any CPU = Release|Any CPU
	EndGlobalSection
	GlobalSection(ProjectConfigurationPlatforms) = postSolution
		{1BA4C794-4AE0-47BE-BA5F-21168F07BFFB}.Debug|Any CPU.ActiveCfg = Debug|Any CPU
		{1BA4C794-4AE0-47BE-BA5F-21168F07BFFB}.Debug|Any CPU.Build.0 = Debug|Any CPU
		{1BA4C794-4AE0-47BE-BA5F-21168F07BFFB}.Release|Any CPU.ActiveCfg = Release|Any CPU
		{1BA4C794-4AE0-47BE-BA5F-21168F07BFFB}.Release|Any CPU.Build.0 = Release|Any CPU
	EndGlobalSection
	GlobalSection(SolutionProperties) = preSolution
		HideSolutionNode = FALSE
	EndGlobalSection
	GlobalSection(ExtensibilityGlobals) = postSolution
		SolutionGuid = {1B9F4C4F-4DD5-48D0-AE2A-AE90910C633C}
	EndGlobalSection
EndGlobal
